
Microsoft Visual Studio Solution File, Format Version 12.00
# Visual Studio 15
VisualStudioVersion = 15.0.28307.539
MinimumVisualStudioVersion = 10.0.40219.1
Project("{FAE04EC0-301F-11D3-BF4B-00C04F79EFBC}") = "PolicyAndKeys-Client", "PolicyAndKeys-Client\PolicyAndKeys-Client.csproj", "{0FDCB1F4-72F6-421D-BF82-EAED6C6CBA0F}"
	ProjectSection(ProjectDependencies) = postProject
		{FF852443-5BF7-45C6-9EEE-240A3E2312FF} = {FF852443-5BF7-45C6-9EEE-240A3E2312FF}
	EndProjectSection
EndProject
Project("{FAE04EC0-301F-11D3-BF4B-00C04F79EFBC}") = "PolicyAndKeys-Lib", "PolicyAndKeys-Lib\PolicyAndKeys-Lib.csproj", "{FF852443-5BF7-45C6-9EEE-240A3E2312FF}"
EndProject
Project("{2150E333-8FDC-42A3-9474-1A3956D46DE8}") = "Solution Items", "Solution Items", "{A4E7CCA4-5577-48DF-BC13-976E36B09263}"
	ProjectSection(SolutionItems) = preProject
		Keyset-API-Documentation.md = Keyset-API-Documentation.md
		README.md = README.md
	EndProjectSection
EndProject
Global
	GlobalSection(SolutionConfigurationPlatforms) = preSolution
		Debug|Any CPU = Debug|Any CPU
		Release|Any CPU = Release|Any CPU
	EndGlobalSection
	GlobalSection(ProjectConfigurationPlatforms) = postSolution
		{0FDCB1F4-72F6-421D-BF82-EAED6C6CBA0F}.Debug|Any CPU.ActiveCfg = Debug|Any CPU
		{0FDCB1F4-72F6-421D-BF82-EAED6C6CBA0F}.Debug|Any CPU.Build.0 = Debug|Any CPU
		{0FDCB1F4-72F6-421D-BF82-EAED6C6CBA0F}.Release|Any CPU.ActiveCfg = Release|Any CPU
		{0FDCB1F4-72F6-421D-BF82-EAED6C6CBA0F}.Release|Any CPU.Build.0 = Release|Any CPU
		{FF852443-5BF7-45C6-9EEE-240A3E2312FF}.Debug|Any CPU.ActiveCfg = Debug|Any CPU
		{FF852443-5BF7-45C6-9EEE-240A3E2312FF}.Debug|Any CPU.Build.0 = Debug|Any CPU
		{FF852443-5BF7-45C6-9EEE-240A3E2312FF}.Release|Any CPU.ActiveCfg = Release|Any CPU
		{FF852443-5BF7-45C6-9EEE-240A3E2312FF}.Release|Any CPU.Build.0 = Release|Any CPU
	EndGlobalSection
	GlobalSection(SolutionProperties) = preSolution
		HideSolutionNode = FALSE
	EndGlobalSection
	GlobalSection(ExtensibilityGlobals) = postSolution
		SolutionGuid = {4E4A4939-B167-4D7B-A6A6-6A0FEACDEF28}
	EndGlobalSection
EndGlobal
